
Microsoft Visual Studio Solution File, Format Version 12.00
# Visual Studio 15
VisualStudioVersion = 15.0.28307.168
MinimumVisualStudioVersion = 10.0.40219.1
Project("{FAE04EC0-301F-11D3-BF4B-00C04F79EFBC}") = "CodeNation.SignalR", "CodeNation.SignalR\CodeNation.SignalR.csproj", "{B82E0342-8997-4C9B-8837-56FD83CD3B2E}"
EndProject
Global
	GlobalSection(SolutionConfigurationPlatforms) = preSolution
		Debug|Any CPU = Debug|Any CPU
		Release|Any CPU = Release|Any CPU
	EndGlobalSection
	GlobalSection(ProjectConfigurationPlatforms) = postSolution
		{B82E0342-8997-4C9B-8837-56FD83CD3B2E}.Debug|Any CPU.ActiveCfg = Debug|Any CPU
		{B82E0342-8997-4C9B-8837-56FD83CD3B2E}.Debug|Any CPU.Build.0 = Debug|Any CPU
		{B82E0342-8997-4C9B-8837-56FD83CD3B2E}.Release|Any CPU.ActiveCfg = Release|Any CPU
		{B82E0342-8997-4C9B-8837-56FD83CD3B2E}.Release|Any CPU.Build.0 = Release|Any CPU
	EndGlobalSection
	GlobalSection(SolutionProperties) = preSolution
		HideSolutionNode = FALSE
	EndGlobalSection
	GlobalSection(ExtensibilityGlobals) = postSolution
		SolutionGuid = {7A1F2217-8C62-4E49-BA49-B34F19976703}
	EndGlobalSection
EndGlobal
